
Microsoft Visual Studio Solution File, Format Version 12.00
# Visual Studio 2012
Project("{FAE04EC0-301F-11D3-BF4B-00C04F79EFBC}") = "MvcApplication", "MvcApplication\MvcApplication.csproj", "{CEDA50CA-DDC3-4110-B953-43CB6DB396B4}"
EndProject
Project("{FAE04EC0-301F-11D3-BF4B-00C04F79EFBC}") = "MvcApplication.Tests", "MvcApplication.Tests\MvcApplication.Tests.csproj", "{E0FCACB6-3151-49E9-9389-3F8688AE1B51}"
EndProject
Global
	GlobalSection(SolutionConfigurationPlatforms) = preSolution
		Debug|Any CPU = Debug|Any CPU
		Release|Any CPU = Release|Any CPU
	EndGlobalSection
	GlobalSection(ProjectConfigurationPlatforms) = postSolution
		{CEDA50CA-DDC3-4110-B953-43CB6DB396B4}.Debug|Any CPU.ActiveCfg = Debug|Any CPU
		{CEDA50CA-DDC3-4110-B953-43CB6DB396B4}.Debug|Any CPU.Build.0 = Debug|Any CPU
		{CEDA50CA-DDC3-4110-B953-43CB6DB396B4}.Release|Any CPU.ActiveCfg = Release|Any CPU
		{CEDA50CA-DDC3-4110-B953-43CB6DB396B4}.Release|Any CPU.Build.0 = Release|Any CPU
		{E0FCACB6-3151-49E9-9389-3F8688AE1B51}.Debug|Any CPU.ActiveCfg = Debug|Any CPU
		{E0FCACB6-3151-49E9-9389-3F8688AE1B51}.Debug|Any CPU.Build.0 = Debug|Any CPU
		{E0FCACB6-3151-49E9-9389-3F8688AE1B51}.Release|Any CPU.ActiveCfg = Release|Any CPU
		{E0FCACB6-3151-49E9-9389-3F8688AE1B51}.Release|Any CPU.Build.0 = Release|Any CPU
	EndGlobalSection
	GlobalSection(SolutionProperties) = preSolution
		HideSolutionNode = FALSE
	EndGlobalSection
EndGlobal
